<?xml version="1.0" encoding="UTF-8" standalone="yes" ?>
<CodeBlocks_project_file>
	<FileVersion major="1" minor="6" />
	<Project>
		<Option title="StiGame" />
		<Option pch_mode="2" />
		<Option compiler="gcc" />
		<Option virtualFolders="src\;src\sprites\;headers\;headers\gui\;src\gui\;headers\sprites\;src\bindings\;headers\bindings\;headers\core\;src\core\;headers\math\;src\math\;src\controller\;src\mouse\;headers\mouse\;headers\controller\;headers\primitives\;src\primitives\;" />
		<Build>
			<Target title="Debug">
				<Option output="bin/Debug/StiGame" imp_lib="$(TARGET_OUTPUT_DIR)$(TARGET_OUTPUT_BASENAME).a" def_file="$(TARGET_OUTPUT_DIR)$(TARGET_OUTPUT_BASENAME).def" prefix_auto="1" extension_auto="1" />
				<Option object_output="obj/Debug/" />
				<Option type="3" />
				<Option compiler="gcc" />
				<Option createDefFile="1" />
				<Option createStaticLib="1" />
				<Compiler>
					<Add option="-g" />
					<Add option="-DDEBUG" />
				</Compiler>
				<ExtraCommands>
					<Add after="cmd /c python post_build.py" />
				</ExtraCommands>
			</Target>
			<Target title="Release">
				<Option output="bin/Release/StiGame" imp_lib="$(TARGET_OUTPUT_DIR)$(TARGET_OUTPUT_BASENAME).a" def_file="$(TARGET_OUTPUT_DIR)$(TARGET_OUTPUT_BASENAME).def" prefix_auto="1" extension_auto="1" />
				<Option object_output="obj/Release/" />
				<Option type="3" />
				<Option compiler="gcc" />
				<Option createDefFile="1" />
				<Option createStaticLib="1" />
				<Compiler>
					<Add option="-O2" />
					<Add option="-DRELEASE" />
				</Compiler>
				<Linker>
					<Add option="-s" />
				</Linker>
				<ExtraCommands>
					<Add after="cmd /c python post_build.py -m Release" />
				</ExtraCommands>
			</Target>
		</Build>
		<Compiler>
			<Add option="-std=c++11" />
			<Add option="-Wall" />
			<Add directory="../include/SDL2" />
		</Compiler>
		<Linker>
			<Add option="-lSDL2main" />
			<Add option="-lSDL2" />
			<Add option="-lSDL2_image" />
			<Add option="-lSDL2_ttf" />
			<Add option="-lSDL2_gfx" />
			<Add directory="../lib" />
		</Linker>
		<Unit filename="ActionBind.cpp">
			<Option virtualFolder="src/gui/" />
		</Unit>
		<Unit filename="ActionBind.h">
			<Option virtualFolder="headers/gui/" />
		</Unit>
		<Unit filename="ActionBinding.cpp">
			<Option virtualFolder="src/bindings/" />
		</Unit>
		<Unit filename="ActionBinding.h">
			<Option virtualFolder="headers/bindings/" />
		</Unit>
		<Unit filename="ActionMap.cpp">
			<Option virtualFolder="src/bindings/" />
		</Unit>
		<Unit filename="ActionMap.h">
			<Option virtualFolder="headers/bindings/" />
		</Unit>
		<Unit filename="Angle.cpp">
			<Option virtualFolder="src/math/" />
		</Unit>
		<Unit filename="Angle.h">
			<Option virtualFolder="headers/math/" />
		</Unit>
		<Unit filename="BaseGameAction.cpp">
			<Option virtualFolder="src/bindings/" />
		</Unit>
		<Unit filename="BaseGameAction.h">
			<Option virtualFolder="headers/bindings/" />
		</Unit>
		<Unit filename="BaseGameState.cpp">
			<Option virtualFolder="src/core/" />
		</Unit>
		<Unit filename="BaseGameState.h">
			<Option virtualFolder="headers/core/" />
		</Unit>
		<Unit filename="BaseMissile.cpp">
			<Option virtualFolder="src/" />
		</Unit>
		<Unit filename="BaseMissile.h">
			<Option virtualFolder="headers/" />
		</Unit>
		<Unit filename="Button.cpp">
			<Option virtualFolder="src/gui/" />
		</Unit>
		<Unit filename="Button.h">
			<Option virtualFolder="headers/gui/" />
		</Unit>
		<Unit filename="CheckBox.cpp">
			<Option virtualFolder="src/gui/" />
		</Unit>
		<Unit filename="CheckBox.h">
			<Option virtualFolder="headers/gui/" />
		</Unit>
		<Unit filename="CheckEventArgs.cpp">
			<Option virtualFolder="src/gui/" />
		</Unit>
		<Unit filename="CheckEventArgs.h">
			<Option virtualFolder="headers/gui/" />
		</Unit>
		<Unit filename="CheckEventListener.cpp">
			<Option virtualFolder="src/gui/" />
		</Unit>
		<Unit filename="CheckEventListener.h">
			<Option virtualFolder="headers/gui/" />
		</Unit>
		<Unit filename="CheckEventThrower.cpp">
			<Option virtualFolder="src/gui/" />
		</Unit>
		<Unit filename="CheckEventThrower.h">
			<Option virtualFolder="headers/gui/" />
		</Unit>
		<Unit filename="Clipboard.cpp">
			<Option virtualFolder="src/" />
		</Unit>
		<Unit filename="Clipboard.h">
			<Option virtualFolder="headers/" />
		</Unit>
		<Unit filename="ClonedSprite.cpp">
			<Option virtualFolder="src/sprites/" />
		</Unit>
		<Unit filename="ClonedSprite.h">
			<Option virtualFolder="headers/sprites/" />
		</Unit>
		<Unit filename="Color.cpp">
			<Option virtualFolder="src/core/" />
		</Unit>
		<Unit filename="Color.h">
			<Option virtualFolder="headers/core/" />
		</Unit>
		<Unit filename="ComboBox.cpp">
			<Option virtualFolder="src/gui/" />
		</Unit>
		<Unit filename="ComboBox.h">
			<Option virtualFolder="headers/gui/" />
		</Unit>
		<Unit filename="CompActionMap.cpp">
			<Option virtualFolder="src/bindings/" />
		</Unit>
		<Unit filename="CompActionMap.h">
			<Option virtualFolder="headers/bindings/" />
		</Unit>
		<Unit filename="Computer.cpp">
			<Option virtualFolder="src/" />
		</Unit>
		<Unit filename="Computer.h">
			<Option virtualFolder="headers/" />
		</Unit>
		<Unit filename="Controller.cpp">
			<Option virtualFolder="src/controller/" />
		</Unit>
		<Unit filename="Controller.h">
			<Option virtualFolder="headers/" />
		</Unit>
		<Unit filename="ControllerAxisEventArgs.cpp">
			<Option virtualFolder="src/controller/" />
		</Unit>
		<Unit filename="ControllerAxisEventArgs.h">
			<Option virtualFolder="headers/controller/" />
		</Unit>
		<Unit filename="ControllerAxisEventListener.cpp">
			<Option virtualFolder="src/controller/" />
		</Unit>
		<Unit filename="ControllerAxisEventListener.h">
			<Option virtualFolder="headers/controller/" />
		</Unit>
		<Unit filename="ControllerAxisEventThrower.cpp">
			<Option virtualFolder="src/controller/" />
		</Unit>
		<Unit filename="ControllerAxisEventThrower.h">
			<Option virtualFolder="headers/controller/" />
		</Unit>
		<Unit filename="ControllerButtonEventArgs.cpp">
			<Option virtualFolder="src/controller/" />
		</Unit>
		<Unit filename="ControllerButtonEventArgs.h">
			<Option virtualFolder="headers/controller/" />
		</Unit>
		<Unit filename="ControllerButtonEventListener.cpp">
			<Option virtualFolder="src/controller/" />
		</Unit>
		<Unit filename="ControllerButtonEventListener.h">
			<Option virtualFolder="headers/controller/" />
		</Unit>
		<Unit filename="ControllerButtonEventThrower.cpp">
			<Option virtualFolder="src/controller/" />
		</Unit>
		<Unit filename="ControllerButtonEventThrower.h">
			<Option virtualFolder="headers/controller/" />
		</Unit>
		<Unit filename="ControllerDeviceEventArgs.cpp">
			<Option virtualFolder="src/controller/" />
		</Unit>
		<Unit filename="ControllerDeviceEventArgs.h">
			<Option virtualFolder="headers/controller/" />
		</Unit>
		<Unit filename="ControllerDeviceEventListener.cpp">
			<Option virtualFolder="src/controller/" />
		</Unit>
		<Unit filename="ControllerDeviceEventListener.h">
			<Option virtualFolder="headers/controller/" />
		</Unit>
		<Unit filename="ControllerDeviceEventThrower.cpp">
			<Option virtualFolder="src/controller/" />
		</Unit>
		<Unit filename="ControllerDeviceEventThrower.h">
			<Option virtualFolder="headers/controller/" />
		</Unit>
		<Unit filename="Cursor.cpp">
			<Option virtualFolder="src/" />
		</Unit>
		<Unit filename="Cursor.h">
			<Option virtualFolder="headers/" />
		</Unit>
		<Unit filename="Dimension.cpp">
			<Option virtualFolder="src/core/" />
		</Unit>
		<Unit filename="Dimension.h">
			<Option virtualFolder="headers/core/" />
		</Unit>
		<Unit filename="DirectionSprite.cpp">
			<Option virtualFolder="src/sprites/" />
		</Unit>
		<Unit filename="DirectionSprite.h">
			<Option virtualFolder="headers/sprites/" />
		</Unit>
		<Unit filename="DirectionSpriteFile.cpp">
			<Option virtualFolder="src/sprites/" />
		</Unit>
		<Unit filename="DirectionSpriteFile.h">
			<Option virtualFolder="headers/sprites/" />
		</Unit>
		<Unit filename="DirectionSpriteFileCreator.cpp">
			<Option virtualFolder="src/sprites/" />
		</Unit>
		<Unit filename="DirectionSpriteFileCreator.h">
			<Option virtualFolder="headers/sprites/" />
		</Unit>
		<Unit filename="EventArgs.cpp">
			<Option virtualFolder="src/core/" />
		</Unit>
		<Unit filename="EventArgs.h">
			<Option virtualFolder="headers/core/" />
		</Unit>
		<Unit filename="EventListener.cpp">
			<Option virtualFolder="src/core/" />
		</Unit>
		<Unit filename="EventListener.h">
			<Option virtualFolder="headers/core/" />
		</Unit>
		<Unit filename="EventThrower.cpp">
			<Option virtualFolder="src/core/" />
		</Unit>
		<Unit filename="EventThrower.h">
			<Option virtualFolder="headers/core/" />
		</Unit>
		<Unit filename="Font.cpp">
			<Option virtualFolder="src/core/" />
		</Unit>
		<Unit filename="Font.h">
			<Option virtualFolder="headers/core/" />
		</Unit>
		<Unit filename="GamePath.cpp">
			<Option virtualFolder="src/core/" />
		</Unit>
		<Unit filename="GamePath.h">
			<Option virtualFolder="headers/core/" />
		</Unit>
		<Unit filename="GameUnit.cpp">
			<Option virtualFolder="src/" />
		</Unit>
		<Unit filename="GameUnit.h">
			<Option virtualFolder="headers/" />
		</Unit>
		<Unit filename="GuiState.cpp">
			<Option virtualFolder="src/gui/" />
		</Unit>
		<Unit filename="GuiState.h">
			<Option virtualFolder="headers/gui/" />
		</Unit>
		<Unit filename="HighlightItem.cpp">
			<Option virtualFolder="src/gui/" />
		</Unit>
		<Unit filename="HighlightItem.h">
			<Option virtualFolder="headers/gui/" />
		</Unit>
		<Unit filename="ISprite.cpp">
			<Option virtualFolder="src/sprites/" />
		</Unit>
		<Unit filename="ISprite.h">
			<Option virtualFolder="headers/sprites/" />
		</Unit>
		<Unit filename="Image.cpp">
			<Option virtualFolder="src/gui/" />
		</Unit>
		<Unit filename="Image.h">
			<Option virtualFolder="headers/gui/" />
		</Unit>
		<Unit filename="ImageButton.cpp">
			<Option virtualFolder="src/gui/" />
		</Unit>
		<Unit filename="ImageButton.h">
			<Option virtualFolder="headers/gui/" />
		</Unit>
		<Unit filename="Item.cpp">
			<Option virtualFolder="src/gui/" />
		</Unit>
		<Unit filename="Item.h">
			<Option virtualFolder="headers/gui/" />
		</Unit>
		<Unit filename="KeyActionMap.cpp">
			<Option virtualFolder="src/bindings/" />
		</Unit>
		<Unit filename="KeyActionMap.h">
			<Option virtualFolder="headers/bindings/" />
		</Unit>
		<Unit filename="KeyBind.cpp">
			<Option virtualFolder="src/gui/" />
		</Unit>
		<Unit filename="KeyBind.h">
			<Option virtualFolder="headers/gui/" />
		</Unit>
		<Unit filename="KeyEventArgs.cpp">
			<Option virtualFolder="src/core/" />
		</Unit>
		<Unit filename="KeyEventArgs.h">
			<Option virtualFolder="headers/core/" />
		</Unit>
		<Unit filename="KeyEventListener.cpp">
			<Option virtualFolder="src/core/" />
		</Unit>
		<Unit filename="KeyEventListener.h">
			<Option virtualFolder="headers/core/" />
		</Unit>
		<Unit filename="KeyEventThrower.cpp">
			<Option virtualFolder="src/core/" />
		</Unit>
		<Unit filename="KeyEventThrower.h">
			<Option virtualFolder="headers/core/" />
		</Unit>
		<Unit filename="Label.cpp">
			<Option virtualFolder="src/gui/" />
		</Unit>
		<Unit filename="Label.h">
			<Option virtualFolder="headers/gui/" />
		</Unit>
		<Unit filename="List.cpp">
			<Option virtualFolder="src/gui/" />
		</Unit>
		<Unit filename="List.h">
			<Option virtualFolder="headers/gui/" />
		</Unit>
		<Unit filename="Logger.cpp">
			<Option virtualFolder="src/" />
		</Unit>
		<Unit filename="Logger.h">
			<Option virtualFolder="headers/" />
		</Unit>
		<Unit filename="MDimension.cpp">
			<Option virtualFolder="src/core/" />
		</Unit>
		<Unit filename="MDimension.h">
			<Option virtualFolder="headers/core/" />
		</Unit>
		<Unit filename="MPoint.cpp">
			<Option virtualFolder="src/core/" />
		</Unit>
		<Unit filename="MPoint.h">
			<Option virtualFolder="headers/core/" />
		</Unit>
		<Unit filename="MVector2.cpp">
			<Option virtualFolder="src/math/" />
		</Unit>
		<Unit filename="MVector2.h">
			<Option virtualFolder="headers/math/" />
		</Unit>
		<Unit filename="MathTK.cpp">
			<Option virtualFolder="src/math/" />
		</Unit>
		<Unit filename="MathTK.h">
			<Option virtualFolder="headers/math/" />
		</Unit>
		<Unit filename="MessageBox.cpp">
			<Option virtualFolder="src/gui/" />
		</Unit>
		<Unit filename="MessageBox.h">
			<Option virtualFolder="headers/gui/" />
		</Unit>
		<Unit filename="MissileDictionary.cpp">
			<Option virtualFolder="src/" />
		</Unit>
		<Unit filename="MissileDictionary.h">
			<Option virtualFolder="headers/" />
		</Unit>
		<Unit filename="Motion.cpp">
			<Option virtualFolder="src/math/" />
		</Unit>
		<Unit filename="Motion.h">
			<Option virtualFolder="headers/math/" />
		</Unit>
		<Unit filename="MouseActionMap.cpp">
			<Option virtualFolder="src/bindings/" />
		</Unit>
		<Unit filename="MouseActionMap.h">
			<Option virtualFolder="headers/bindings/" />
		</Unit>
		<Unit filename="MouseButtonEventArgs.cpp">
			<Option virtualFolder="src/mouse/" />
		</Unit>
		<Unit filename="MouseButtonEventArgs.h">
			<Option virtualFolder="headers/mouse/" />
		</Unit>
		<Unit filename="MouseButtonEventListener.cpp">
			<Option virtualFolder="src/mouse/" />
		</Unit>
		<Unit filename="MouseButtonEventListener.h">
			<Option virtualFolder="headers/mouse/" />
		</Unit>
		<Unit filename="MouseButtonEventThrower.cpp">
			<Option virtualFolder="src/mouse/" />
		</Unit>
		<Unit filename="MouseButtonEventThrower.h">
			<Option virtualFolder="headers/mouse/" />
		</Unit>
		<Unit filename="MouseMotionEventArgs.cpp">
			<Option virtualFolder="src/mouse/" />
		</Unit>
		<Unit filename="MouseMotionEventArgs.h">
			<Option virtualFolder="headers/mouse/" />
		</Unit>
		<Unit filename="MouseMotionEventListener.cpp">
			<Option virtualFolder="src/mouse/" />
		</Unit>
		<Unit filename="MouseMotionEventListener.h">
			<Option virtualFolder="headers/mouse/" />
		</Unit>
		<Unit filename="MouseMotionEventThrower.cpp">
			<Option virtualFolder="src/mouse/" />
		</Unit>
		<Unit filename="MouseMotionEventThrower.h">
			<Option virtualFolder="headers/mouse/" />
		</Unit>
		<Unit filename="MouseWheelEventArgs.cpp">
			<Option virtualFolder="src/mouse/" />
		</Unit>
		<Unit filename="MouseWheelEventArgs.h">
			<Option virtualFolder="headers/mouse/" />
		</Unit>
		<Unit filename="MouseWheelEventListener.cpp">
			<Option virtualFolder="src/mouse/" />
		</Unit>
		<Unit filename="MouseWheelEventListener.h">
			<Option virtualFolder="headers/mouse/" />
		</Unit>
		<Unit filename="MouseWheelEventThrower.cpp">
			<Option virtualFolder="src/mouse/" />
		</Unit>
		<Unit filename="MouseWheelEventThrower.h">
			<Option virtualFolder="headers/mouse/" />
		</Unit>
		<Unit filename="MultiRect.cpp">
			<Option virtualFolder="src/" />
		</Unit>
		<Unit filename="MultiRect.h">
			<Option virtualFolder="headers/" />
		</Unit>
		<Unit filename="OverlayFrame.cpp">
			<Option virtualFolder="src/" />
		</Unit>
		<Unit filename="OverlayFrame.h">
			<Option virtualFolder="headers/" />
		</Unit>
		<Unit filename="OverlayGameAction.cpp">
			<Option virtualFolder="src/" />
		</Unit>
		<Unit filename="OverlayGameAction.h">
			<Option virtualFolder="headers/" />
		</Unit>
		<Unit filename="OverlayMenu.cpp">
			<Option virtualFolder="src/" />
		</Unit>
		<Unit filename="OverlayMenu.h">
			<Option virtualFolder="headers/" />
		</Unit>
		<Unit filename="PCircle.cpp">
			<Option virtualFolder="src/primitives/" />
		</Unit>
		<Unit filename="PCircle.h">
			<Option virtualFolder="headers/primitives/" />
		</Unit>
		<Unit filename="PEllipse.cpp">
			<Option virtualFolder="src/primitives/" />
		</Unit>
		<Unit filename="PEllipse.h">
			<Option virtualFolder="headers/primitives/" />
		</Unit>
		<Unit filename="PLine.cpp">
			<Option virtualFolder="src/primitives/" />
		</Unit>
		<Unit filename="PLine.h">
			<Option virtualFolder="headers/primitives/" />
		</Unit>
		<Unit filename="PRect.cpp">
			<Option virtualFolder="src/primitives/" />
		</Unit>
		<Unit filename="PRect.h">
			<Option virtualFolder="headers/primitives/" />
		</Unit>
		<Unit filename="Pixel.cpp">
			<Option virtualFolder="src/" />
		</Unit>
		<Unit filename="Pixel.h">
			<Option virtualFolder="headers/" />
		</Unit>
		<Unit filename="Point.cpp">
			<Option virtualFolder="src/core/" />
		</Unit>
		<Unit filename="Point.h">
			<Option virtualFolder="headers/core/" />
		</Unit>
		<Unit filename="Primitive.cpp">
			<Option virtualFolder="src/core/" />
		</Unit>
		<Unit filename="Primitive.h">
			<Option virtualFolder="headers/core/" />
		</Unit>
		<Unit filename="ProgressBar.cpp">
			<Option virtualFolder="src/gui/" />
		</Unit>
		<Unit filename="ProgressBar.h">
			<Option virtualFolder="headers/gui/" />
		</Unit>
		<Unit filename="RadioButton.cpp">
			<Option virtualFolder="src/gui/" />
		</Unit>
		<Unit filename="RadioButton.h">
			<Option virtualFolder="headers/gui/" />
		</Unit>
		<Unit filename="RadioGroup.cpp">
			<Option virtualFolder="src/gui/" />
		</Unit>
		<Unit filename="RadioGroup.h">
			<Option virtualFolder="headers/gui/" />
		</Unit>
		<Unit filename="Rectangle.cpp">
			<Option virtualFolder="src/core/" />
		</Unit>
		<Unit filename="Rectangle.h">
			<Option virtualFolder="headers/core/" />
		</Unit>
		<Unit filename="ResourceFile.cpp">
			<Option virtualFolder="src/" />
		</Unit>
		<Unit filename="ResourceFile.h">
			<Option virtualFolder="headers/" />
		</Unit>
		<Unit filename="Runtime.cpp">
			<Option virtualFolder="src/gui/" />
		</Unit>
		<Unit filename="Runtime.h">
			<Option virtualFolder="headers/gui/" />
		</Unit>
		<Unit filename="SBMissile.cpp">
			<Option virtualFolder="src/" />
		</Unit>
		<Unit filename="SBMissile.h">
			<Option virtualFolder="headers/" />
		</Unit>
		<Unit filename="SPhysic.cpp">
			<Option virtualFolder="src/core/" />
		</Unit>
		<Unit filename="SPhysic.h">
			<Option virtualFolder="headers/core/" />
		</Unit>
		<Unit filename="SelectionEventArgs.cpp">
			<Option virtualFolder="src/gui/" />
		</Unit>
		<Unit filename="SelectionEventArgs.h">
			<Option virtualFolder="headers/gui/" />
		</Unit>
		<Unit filename="SelectionEventListener.cpp">
			<Option virtualFolder="src/gui/" />
		</Unit>
		<Unit filename="SelectionEventListener.h">
			<Option virtualFolder="headers/gui/" />
		</Unit>
		<Unit filename="SelectionEventThrower.cpp">
			<Option virtualFolder="src/gui/" />
		</Unit>
		<Unit filename="SelectionEventThrower.h">
			<Option virtualFolder="headers/gui/" />
		</Unit>
		<Unit filename="Sprite.cpp">
			<Option virtualFolder="src/sprites/" />
		</Unit>
		<Unit filename="Sprite.h">
			<Option virtualFolder="headers/sprites/" />
		</Unit>
		<Unit filename="SpriteFile.cpp">
			<Option virtualFolder="src/sprites/" />
		</Unit>
		<Unit filename="SpriteFile.h">
			<Option virtualFolder="headers/sprites/" />
		</Unit>
		<Unit filename="SpriteFileCreator.cpp">
			<Option virtualFolder="src/sprites/" />
		</Unit>
		<Unit filename="SpriteFileCreator.h">
			<Option virtualFolder="headers/sprites/" />
		</Unit>
		<Unit filename="SpriteLibrary.cpp">
			<Option virtualFolder="src/sprites/" />
		</Unit>
		<Unit filename="SpriteLibrary.h">
			<Option virtualFolder="headers/sprites/" />
		</Unit>
		<Unit filename="StringRenderer.cpp">
			<Option virtualFolder="src/" />
		</Unit>
		<Unit filename="StringRenderer.h">
			<Option virtualFolder="headers/" />
		</Unit>
		<Unit filename="Style.cpp">
			<Option virtualFolder="src/gui/" />
		</Unit>
		<Unit filename="Style.h">
			<Option virtualFolder="headers/gui/" />
		</Unit>
		<Unit filename="Surface.cpp">
			<Option virtualFolder="src/core/" />
		</Unit>
		<Unit filename="Surface.h">
			<Option virtualFolder="headers/core/" />
		</Unit>
		<Unit filename="TabItem.cpp">
			<Option virtualFolder="src/gui/" />
		</Unit>
		<Unit filename="TabItem.h">
			<Option virtualFolder="headers/gui/" />
		</Unit>
		<Unit filename="TabPanel.cpp">
			<Option virtualFolder="src/gui/" />
		</Unit>
		<Unit filename="TabPanel.h">
			<Option virtualFolder="headers/gui/" />
		</Unit>
		<Unit filename="Table.cpp">
			<Option virtualFolder="src/" />
		</Unit>
		<Unit filename="Table.h">
			<Option virtualFolder="headers/" />
		</Unit>
		<Unit filename="TableCell.cpp">
			<Option virtualFolder="src/" />
		</Unit>
		<Unit filename="TableCell.h">
			<Option virtualFolder="headers/" />
		</Unit>
		<Unit filename="TableRow.cpp">
			<Option virtualFolder="src/" />
		</Unit>
		<Unit filename="TableRow.h">
			<Option virtualFolder="headers/" />
		</Unit>
		<Unit filename="TextBox.cpp">
			<Option virtualFolder="src/gui/" />
		</Unit>
		<Unit filename="TextBox.h">
			<Option virtualFolder="headers/gui/" />
		</Unit>
		<Unit filename="TextLogger.cpp">
			<Option virtualFolder="src/" />
		</Unit>
		<Unit filename="TextLogger.h">
			<Option virtualFolder="headers/" />
		</Unit>
		<Unit filename="Texture.cpp">
			<Option virtualFolder="src/core/" />
		</Unit>
		<Unit filename="Texture.h">
			<Option virtualFolder="headers/core/" />
		</Unit>
		<Unit filename="Time.cpp">
			<Option virtualFolder="src/core/" />
		</Unit>
		<Unit filename="Time.h">
			<Option virtualFolder="headers/core/" />
		</Unit>
		<Unit filename="TimedGameAction.cpp">
			<Option virtualFolder="src/bindings/" />
		</Unit>
		<Unit filename="TimedGameAction.h">
			<Option virtualFolder="headers/bindings/" />
		</Unit>
		<Unit filename="ValueObject.cpp">
			<Option virtualFolder="src/gui/" />
		</Unit>
		<Unit filename="ValueObject.h">
			<Option virtualFolder="headers/gui/" />
		</Unit>
		<Unit filename="VarFile.cpp">
			<Option virtualFolder="src/core/" />
		</Unit>
		<Unit filename="VarFile.h">
			<Option virtualFolder="headers/core/" />
		</Unit>
		<Unit filename="Vector.cpp">
			<Option virtualFolder="src/math/" />
		</Unit>
		<Unit filename="Vector.h">
			<Option virtualFolder="headers/math/" />
		</Unit>
		<Unit filename="Vector2.cpp">
			<Option virtualFolder="src/math/" />
		</Unit>
		<Unit filename="Vector2.h">
			<Option virtualFolder="headers/math/" />
		</Unit>
		<Unit filename="Viewport.cpp">
			<Option virtualFolder="src/core/" />
		</Unit>
		<Unit filename="Viewport.h">
			<Option virtualFolder="headers/core/" />
		</Unit>
		<Unit filename="ViewportArea.cpp">
			<Option virtualFolder="src/" />
		</Unit>
		<Unit filename="ViewportArea.h">
			<Option virtualFolder="headers/" />
		</Unit>
		<Unit filename="Window.cpp">
			<Option virtualFolder="src/" />
		</Unit>
		<Unit filename="Window.h">
			<Option virtualFolder="headers/" />
		</Unit>
		<Unit filename="WindowEventArgs.cpp">
			<Option virtualFolder="src/" />
		</Unit>
		<Unit filename="WindowEventArgs.h">
			<Option virtualFolder="headers/" />
		</Unit>
		<Unit filename="WindowEventListener.cpp">
			<Option virtualFolder="src/" />
		</Unit>
		<Unit filename="WindowEventListener.h">
			<Option virtualFolder="headers/" />
		</Unit>
		<Unit filename="WindowEventThrower.cpp">
			<Option virtualFolder="src/" />
		</Unit>
		<Unit filename="WindowEventThrower.h">
			<Option virtualFolder="headers/" />
		</Unit>
		<Extensions>
			<code_completion />
			<envvars />
			<debugger />
			<lib_finder disable_auto="1" />
		</Extensions>
	</Project>
</CodeBlocks_project_file>
